<?xml version="1.0" encoding="utf-8"?>
<Project ToolsVersion="4.0" xmlns="http://schemas.microsoft.com/developer/msbuild/2003">
  <ItemGroup>
    <Filter Include="Source Files">
      <UniqueIdentifier>{4FC737F1-C7A5-4376-A066-2A32D752A2FF}</UniqueIdentifier>
      <Extensions>cpp;c;cc;cxx;def;odl;idl;hpj;bat;asm;asmx</Extensions>
    </Filter>
    <Filter Include="Header Files">
      <UniqueIdentifier>{93995380-89BD-4b04-88EB-625FBE52EBFB}</UniqueIdentifier>
      <Extensions>h;hh;hpp;hxx;hm;inl;inc;ipp;xsd</Extensions>
    </Filter>
    <Filter Include="Resource Files">
      <UniqueIdentifier>{67DA6AB6-F800-4c08-8B7A-83BB121AAD01}</UniqueIdentifier>
      <Extensions>rc;ico;cur;bmp;dlg;rc2;rct;bin;rgs;gif;jpg;jpeg;jpe;resx;tiff;tif;png;wav;mfcribbon-ms</Extensions>
    </Filter>
    <Filter Include="Header Files\AbstractClasses">
      <UniqueIdentifier>{ed9d2166-9563-45fb-8c94-e3f63d2c9337}</UniqueIdentifier>
    </Filter>
    <Filter Include="Header Files\InanimateObjects">
      <UniqueIdentifier>{619ffa26-2ad4-4eb8-9f53-c37604bc817e}</UniqueIdentifier>
    </Filter>
    <Filter Include="Source Files\AbstractClasses">
      <UniqueIdentifier>{191cfea8-de7f-4c08-8627-f944430bcea9}</UniqueIdentifier>
    </Filter>
    <Filter Include="Source Files\InanimateObjects">
      <UniqueIdentifier>{d7b97311-df03-4034-9676-49a26fc97e76}</UniqueIdentifier>
    </Filter>
    <Filter Include="Source Files\HandlingAndControlling">
      <UniqueIdentifier>{af19db81-84cc-4e72-93a3-6aaab2494043}</UniqueIdentifier>
    </Filter>
    <Filter Include="Header Files\HandlingAndControlling">
      <UniqueIdentifier>{79d9d3a8-be62-4c46-beec-37ea0d998b47}</UniqueIdentifier>
    </Filter>
    <Filter Include="Header Files\TemporaryObjects">
      <UniqueIdentifier>{267547af-1d49-46fc-9f11-a5d8c8d59bab}</UniqueIdentifier>
    </Filter>
    <Filter Include="Source Files\TemporaryObjects">
      <UniqueIdentifier>{930d4ba8-a3fd-48d9-a5fe-11dda69bc343}</UniqueIdentifier>
    </Filter>
    <Filter Include="Header Files\Exceptions">
      <UniqueIdentifier>{5024f5b7-5eba-417a-8f0c-bb6c3cee210e}</UniqueIdentifier>
    </Filter>
    <Filter Include="Source Files\Exceptions">
      <UniqueIdentifier>{bb6cff5c-ebc3-40ed-a0b7-80672595b828}</UniqueIdentifier>
    </Filter>
    <Filter Include="Header Files\OtherObjects">
      <UniqueIdentifier>{992bec6a-5e24-4a4d-8757-8e591ea7acc5}</UniqueIdentifier>
    </Filter>
    <Filter Include="Source Files\OtherObjects">
      <UniqueIdentifier>{5fe70803-a7fd-4495-8b2e-a479efa647d1}</UniqueIdentifier>
    </Filter>
    <Filter Include="Header Files\OtherFiles">
      <UniqueIdentifier>{58be5088-4f7b-479c-b4d7-e875813587d0}</UniqueIdentifier>
    </Filter>
    <Filter Include="Source Files\OtherFiles">
      <UniqueIdentifier>{b9fbe667-97c0-455d-b864-c20e83098226}</UniqueIdentifier>
    </Filter>
    <Filter Include="Header Files\AnimatedObjects">
      <UniqueIdentifier>{6ddd5208-278b-412b-bf4d-09f6601b0923}</UniqueIdentifier>
    </Filter>
    <Filter Include="Source Files\AnimatedObjects">
      <UniqueIdentifier>{75a40fb2-d2c9-4488-969c-c1e6be2a92d1}</UniqueIdentifier>
    </Filter>
    <Filter Include="Source Files\Bonuses">
      <UniqueIdentifier>{579abea5-4aca-4349-a604-403ff3bc6223}</UniqueIdentifier>
    </Filter>
    <Filter Include="Header Files\Bonuses">
      <UniqueIdentifier>{5d240767-c4b1-445e-aed9-eb4ee509c001}</UniqueIdentifier>
    </Filter>
    <Filter Include="Header Files\NPCs">
      <UniqueIdentifier>{e99d9b50-8b1d-4189-ae16-eaa00c8e9f8c}</UniqueIdentifier>
    </Filter>
    <Filter Include="Source Files\NPCs">
      <UniqueIdentifier>{84a23ddc-6fe2-41f9-93bf-3e9563549aea}</UniqueIdentifier>
    </Filter>
    <Filter Include="Header Files\OtherMovingObjects">
      <UniqueIdentifier>{25360b6d-cd79-4b8c-ba6e-7881b38da1a5}</UniqueIdentifier>
    </Filter>
    <Filter Include="Source Files\OtherMovingObjects">
      <UniqueIdentifier>{cde49463-d919-47f7-bb9f-7221a86cce1a}</UniqueIdentifier>
    </Filter>
  </ItemGroup>
  <ItemGroup>
    <ClCompile Include="main.cpp">
      <Filter>Source Files</Filter>
    </ClCompile>
    <ClCompile Include="Level.cpp">
      <Filter>Source Files\OtherFiles</Filter>
    </ClCompile>
    <ClCompile Include="CollisionHandling.cpp">
      <Filter>Source Files\HandlingAndControlling</Filter>
    </ClCompile>
    <ClCompile Include="KeyboardController.cpp">
      <Filter>Source Files\HandlingAndControlling</Filter>
    </ClCompile>
    <ClCompile Include="SDL_Utility.cpp">
      <Filter>Source Files\HandlingAndControlling</Filter>
    </ClCompile>
    <ClCompile Include="InanimateObject.cpp">
      <Filter>Source Files\AbstractClasses</Filter>
    </ClCompile>
    <ClCompile Include="WorldObject.cpp">
      <Filter>Source Files\AbstractClasses</Filter>
    </ClCompile>
    <ClCompile Include="Bush.cpp">
      <Filter>Source Files\InanimateObjects</Filter>
    </ClCompile>
    <ClCompile Include="Cloud.cpp">
      <Filter>Source Files\InanimateObjects</Filter>
    </ClCompile>
    <ClCompile Include="Creature.cpp">
      <Filter>Source Files\NPCs</Filter>
    </ClCompile>
    <ClCompile Include="Turtle.cpp">
      <Filter>Source Files\NPCs</Filter>
    </ClCompile>
    <ClCompile Include="Shell.cpp">
      <Filter>Source Files\NPCs</Filter>
    </ClCompile>
    <ClCompile Include="CrushedCreature.cpp">
      <Filter>Source Files\TemporaryObjects</Filter>
    </ClCompile>
    <ClCompile Include="DestroyedCreature.cpp">
      <Filter>Source Files\TemporaryObjects</Filter>
    </ClCompile>
    <ClCompile Include="DestroyedTurtle.cpp">
      <Filter>Source Files\TemporaryObjects</Filter>
    </ClCompile>
    <ClCompile Include="Explosion.cpp">
      <Filter>Source Files\TemporaryObjects</Filter>
    </ClCompile>
    <ClCompile Include="Star.cpp">
      <Filter>Source Files\Bonuses</Filter>
    </ClCompile>
    <ClCompile Include="Flower.cpp">
      <Filter>Source Files\Bonuses</Filter>
    </ClCompile>
    <ClCompile Include="Mushroom.cpp">
      <Filter>Source Files\Bonuses</Filter>
    </ClCompile>
    <ClCompile Include="BonusObject.cpp">
      <Filter>Source Files\AbstractClasses</Filter>
    </ClCompile>
    <ClCompile Include="Shards.cpp">
      <Filter>Source Files\TemporaryObjects</Filter>
    </ClCompile>
    <ClCompile Include="AnimatedCoin.cpp">
      <Filter>Source Files\TemporaryObjects</Filter>
    </ClCompile>
    <ClCompile Include="AnimatedText.cpp">
      <Filter>Source Files\TemporaryObjects</Filter>
    </ClCompile>
    <ClCompile Include="GameFunctions.cpp">
      <Filter>Source Files\HandlingAndControlling</Filter>
    </ClCompile>
    <ClCompile Include="Castle.cpp">
      <Filter>Source Files\InanimateObjects</Filter>
    </ClCompile>
    <ClCompile Include="SoundController.cpp">
      <Filter>Source Files\HandlingAndControlling</Filter>
    </ClCompile>
    <ClCompile Include="FileNotLoadedException.cpp">
      <Filter>Source Files\Exceptions</Filter>
    </ClCompile>
    <ClCompile Include="Plant.cpp">
      <Filter>Source Files\NPCs</Filter>
    </ClCompile>
    <ClCompile Include="RedTurtle.cpp">
      <Filter>Source Files\NPCs</Filter>
    </ClCompile>
    <ClCompile Include="Block.cpp">
      <Filter>Source Files\OtherObjects</Filter>
    </ClCompile>
    <ClCompile Include="World.cpp">
      <Filter>Source Files\OtherObjects</Filter>
    </ClCompile>
    <ClCompile Include="UtilityFunctions.cpp">
      <Filter>Source Files\OtherFiles</Filter>
    </ClCompile>
    <ClCompile Include="WorldInteractionFunctions.cpp">
      <Filter>Source Files\OtherFiles</Filter>
    </ClCompile>
    <ClCompile Include="Flag.cpp">
      <Filter>Source Files\InanimateObjects</Filter>
    </ClCompile>
    <ClCompile Include="CheckPoint.cpp">
      <Filter>Source Files\OtherObjects</Filter>
    </ClCompile>
    <ClCompile Include="Rock.cpp">
      <Filter>Source Files\InanimateObjects</Filter>
    </ClCompile>
    <ClCompile Include="MenuManager.cpp">
      <Filter>Source Files\HandlingAndControlling</Filter>
    </ClCompile>
    <ClCompile Include="Lava.cpp">
      <Filter>Source Files\InanimateObjects</Filter>
    </ClCompile>
    <ClCompile Include="Platform.cpp">
      <Filter>Source Files\OtherObjects</Filter>
    </ClCompile>
    <ClCompile Include="Button.cpp">
      <Filter>Source Files\InanimateObjects</Filter>
    </ClCompile>
    <ClCompile Include="FireSerpent.cpp">
      <Filter>Source Files\OtherObjects</Filter>
    </ClCompile>
    <ClCompile Include="Boss.cpp">
      <Filter>Source Files\NPCs</Filter>
    </ClCompile>
    <ClCompile Include="DestroyedBoss.cpp">
      <Filter>Source Files\TemporaryObjects</Filter>
    </ClCompile>
    <ClCompile Include="Princess.cpp">
      <Filter>Source Files\InanimateObjects</Filter>
    </ClCompile>
    <ClCompile Include="PreloadingImages.cpp">
      <Filter>Source Files\OtherFiles</Filter>
    </ClCompile>
    <ClCompile Include="Camera.cpp">
      <Filter>Source Files\OtherObjects</Filter>
    </ClCompile>
    <ClCompile Include="Movement.cpp">
      <Filter>Source Files\OtherObjects</Filter>
    </ClCompile>
    <ClCompile Include="Position.cpp">
      <Filter>Source Files\OtherObjects</Filter>
    </ClCompile>
    <ClCompile Include="Screen.cpp">
      <Filter>Source Files\OtherObjects</Filter>
    </ClCompile>
    <ClCompile Include="Size.cpp">
      <Filter>Source Files\OtherObjects</Filter>
    </ClCompile>
    <ClCompile Include="CustomWinterDecoration.cpp">
      <Filter>Source Files\InanimateObjects</Filter>
    </ClCompile>
    <ClCompile Include="CustomSummerDecoration.cpp">
      <Filter>Source Files\InanimateObjects</Filter>
    </ClCompile>
    <ClCompile Include="JumpingFish.cpp">
      <Filter>Source Files\NPCs</Filter>
    </ClCompile>
    <ClCompile Include="DestroyedFish.cpp">
      <Filter>Source Files\TemporaryObjects</Filter>
    </ClCompile>
    <ClCompile Include="CloudBombardier.cpp">
      <Filter>Source Files\NPCs</Filter>
    </ClCompile>
    <ClCompile Include="DestroyedBombardier.cpp">
      <Filter>Source Files\TemporaryObjects</Filter>
    </ClCompile>
    <ClCompile Include="FireMissle.cpp">
      <Filter>Source Files\NPCs</Filter>
    </ClCompile>
    <ClCompile Include="TemporaryObject.cpp">
      <Filter>Source Files\AbstractClasses</Filter>
    </ClCompile>
    <ClCompile Include="AnimatedObject.cpp">
      <Filter>Source Files\AbstractClasses</Filter>
    </ClCompile>
    <ClCompile Include="Snowflake.cpp">
      <Filter>Source Files\AnimatedObjects</Filter>
    </ClCompile>
    <ClCompile Include="MovingObject.cpp">
      <Filter>Source Files\AbstractClasses</Filter>
    </ClCompile>
    <ClCompile Include="IndependentMovingObject.cpp">
      <Filter>Source Files\AbstractClasses</Filter>
    </ClCompile>
    <ClCompile Include="Coin.cpp">
      <Filter>Source Files\Bonuses</Filter>
    </ClCompile>
    <ClCompile Include="Player.cpp">
      <Filter>Source Files\OtherMovingObjects</Filter>
    </ClCompile>
    <ClCompile Include="FireBall.cpp">
      <Filter>Source Files\OtherMovingObjects</Filter>
    </ClCompile>
    <ClCompile Include="AnimationsPlayer.cpp">
      <Filter>Source Files\HandlingAndControlling</Filter>
    </ClCompile>
  </ItemGroup>
  <ItemGroup>
    <ClInclude Include="CollisionHandling.h">
      <Filter>Header Files\HandlingAndControlling</Filter>
    </ClInclude>
    <ClInclude Include="SDL_Utility.h">
      <Filter>Header Files\HandlingAndControlling</Filter>
    </ClInclude>
    <ClInclude Include="KeyboardController.h">
      <Filter>Header Files\HandlingAndControlling</Filter>
    </ClInclude>
    <ClInclude Include="Bush.h">
      <Filter>Header Files\InanimateObjects</Filter>
    </ClInclude>
    <ClInclude Include="Cloud.h">
      <Filter>Header Files\InanimateObjects</Filter>
    </ClInclude>
    <ClInclude Include="InanimateObject.h">
      <Filter>Header Files\AbstractClasses</Filter>
    </ClInclude>
    <ClInclude Include="WorldObject.h">
      <Filter>Header Files\AbstractClasses</Filter>
    </ClInclude>
    <ClInclude Include="Level.h">
      <Filter>Header Files\OtherFiles</Filter>
    </ClInclude>
    <ClInclude Include="Creature.h">
      <Filter>Header Files\NPCs</Filter>
    </ClInclude>
    <ClInclude Include="Turtle.h">
      <Filter>Header Files\NPCs</Filter>
    </ClInclude>
    <ClInclude Include="Shell.h">
      <Filter>Header Files\NPCs</Filter>
    </ClInclude>
    <ClInclude Include="CrushedCreature.h">
      <Filter>Header Files\TemporaryObjects</Filter>
    </ClInclude>
    <ClInclude Include="DestroyedCreature.h">
      <Filter>Header Files\TemporaryObjects</Filter>
    </ClInclude>
    <ClInclude Include="DestroyedTurtle.h">
      <Filter>Header Files\TemporaryObjects</Filter>
    </ClInclude>
    <ClInclude Include="Explosion.h">
      <Filter>Header Files\TemporaryObjects</Filter>
    </ClInclude>
    <ClInclude Include="Flower.h">
      <Filter>Header Files\Bonuses</Filter>
    </ClInclude>
    <ClInclude Include="Mushroom.h">
      <Filter>Header Files\Bonuses</Filter>
    </ClInclude>
    <ClInclude Include="Star.h">
      <Filter>Header Files\Bonuses</Filter>
    </ClInclude>
    <ClInclude Include="BonusObject.h">
      <Filter>Header Files\AbstractClasses</Filter>
    </ClInclude>
    <ClInclude Include="Shards.h">
      <Filter>Header Files\TemporaryObjects</Filter>
    </ClInclude>
    <ClInclude Include="AnimatedCoin.h">
      <Filter>Header Files\TemporaryObjects</Filter>
    </ClInclude>
    <ClInclude Include="AnimatedText.h">
      <Filter>Header Files\TemporaryObjects</Filter>
    </ClInclude>
    <ClInclude Include="GameFunctions.h">
      <Filter>Header Files\HandlingAndControlling</Filter>
    </ClInclude>
    <ClInclude Include="Castle.h">
      <Filter>Header Files\InanimateObjects</Filter>
    </ClInclude>
    <ClInclude Include="SoundController.h">
      <Filter>Header Files\HandlingAndControlling</Filter>
    </ClInclude>
    <ClInclude Include="Direction.h">
      <Filter>Header Files\OtherFiles</Filter>
    </ClInclude>
    <ClInclude Include="FileNotLoadedException.h">
      <Filter>Header Files\Exceptions</Filter>
    </ClInclude>
    <ClInclude Include="LayoutStyle.h">
      <Filter>Header Files\OtherFiles</Filter>
    </ClInclude>
    <ClInclude Include="Plant.h">
      <Filter>Header Files\NPCs</Filter>
    </ClInclude>
    <ClInclude Include="RedTurtle.h">
      <Filter>Header Files\NPCs</Filter>
    </ClInclude>
    <ClInclude Include="World.h">
      <Filter>Header Files\OtherObjects</Filter>
    </ClInclude>
    <ClInclude Include="Block.h">
      <Filter>Header Files\OtherObjects</Filter>
    </ClInclude>
    <ClInclude Include="UtilityFunctions.h">
      <Filter>Header Files\OtherFiles</Filter>
    </ClInclude>
    <ClInclude Include="WorldInteractionFunctions.h">
      <Filter>Header Files\OtherFiles</Filter>
    </ClInclude>
    <ClInclude Include="Flag.h">
      <Filter>Header Files\InanimateObjects</Filter>
    </ClInclude>
    <ClInclude Include="CheckPoint.h">
      <Filter>Header Files\OtherObjects</Filter>
    </ClInclude>
    <ClInclude Include="Rock.h">
      <Filter>Header Files\InanimateObjects</Filter>
    </ClInclude>
    <ClInclude Include="MenuManager.h">
      <Filter>Header Files\HandlingAndControlling</Filter>
    </ClInclude>
    <ClInclude Include="Lava.h">
      <Filter>Header Files\InanimateObjects</Filter>
    </ClInclude>
    <ClInclude Include="Platform.h">
      <Filter>Header Files\OtherObjects</Filter>
    </ClInclude>
    <ClInclude Include="Button.h">
      <Filter>Header Files\InanimateObjects</Filter>
    </ClInclude>
    <ClInclude Include="FireSerpent.h">
      <Filter>Header Files\OtherObjects</Filter>
    </ClInclude>
    <ClInclude Include="Boss.h">
      <Filter>Header Files\NPCs</Filter>
    </ClInclude>
    <ClInclude Include="DestroyedBoss.h">
      <Filter>Header Files\TemporaryObjects</Filter>
    </ClInclude>
    <ClInclude Include="Princess.h">
      <Filter>Header Files\InanimateObjects</Filter>
    </ClInclude>
    <ClInclude Include="PreloadingImages.h">
      <Filter>Header Files\OtherFiles</Filter>
    </ClInclude>
    <ClInclude Include="Movement.h">
      <Filter>Header Files\OtherObjects</Filter>
    </ClInclude>
    <ClInclude Include="Position.h">
      <Filter>Header Files\OtherObjects</Filter>
    </ClInclude>
    <ClInclude Include="Screen.h">
      <Filter>Header Files\OtherObjects</Filter>
    </ClInclude>
    <ClInclude Include="Size.h">
      <Filter>Header Files\OtherObjects</Filter>
    </ClInclude>
    <ClInclude Include="Camera.h">
      <Filter>Header Files\OtherObjects</Filter>
    </ClInclude>
    <ClInclude Include="CustomWinterDecoration.h">
      <Filter>Header Files\InanimateObjects</Filter>
    </ClInclude>
    <ClInclude Include="CustomSummerDecoration.h">
      <Filter>Header Files\InanimateObjects</Filter>
    </ClInclude>
    <ClInclude Include="JumpingFish.h">
      <Filter>Header Files\NPCs</Filter>
    </ClInclude>
    <ClInclude Include="DestroyedFish.h">
      <Filter>Header Files\TemporaryObjects</Filter>
    </ClInclude>
    <ClInclude Include="CloudBombardier.h">
      <Filter>Header Files\NPCs</Filter>
    </ClInclude>
    <ClInclude Include="DestroyedBombardier.h">
      <Filter>Header Files\TemporaryObjects</Filter>
    </ClInclude>
    <ClInclude Include="FireMissle.h">
      <Filter>Header Files\NPCs</Filter>
    </ClInclude>
    <ClInclude Include="RandomGenerator.h">
      <Filter>Header Files\OtherFiles</Filter>
    </ClInclude>
    <ClInclude Include="TemporaryObject.h">
      <Filter>Header Files\AbstractClasses</Filter>
    </ClInclude>
    <ClInclude Include="AnimatedObject.h">
      <Filter>Header Files\AbstractClasses</Filter>
    </ClInclude>
    <ClInclude Include="Snowflake.h">
      <Filter>Header Files\AnimatedObjects</Filter>
    </ClInclude>
    <ClInclude Include="MovingObject.h">
      <Filter>Header Files\AbstractClasses</Filter>
    </ClInclude>
    <ClInclude Include="IndependentMovingObject.h">
      <Filter>Header Files\AbstractClasses</Filter>
    </ClInclude>
    <ClInclude Include="Coin.h">
      <Filter>Header Files\Bonuses</Filter>
    </ClInclude>
    <ClInclude Include="Player.h">
      <Filter>Header Files\OtherMovingObjects</Filter>
    </ClInclude>
    <ClInclude Include="FireBall.h">
      <Filter>Header Files\OtherMovingObjects</Filter>
    </ClInclude>
    <ClInclude Include="AnimationsPlayer.h">
      <Filter>Header Files\HandlingAndControlling</Filter>
    </ClInclude>
  </ItemGroup>
</Project>